
Microsoft Visual Studio Solution File, Format Version 12.00
# Visual Studio 15
VisualStudioVersion = 15.0.26403.7
MinimumVisualStudioVersion = 10.0.40219.1
Project("{FAE04EC0-301F-11D3-BF4B-00C04F79EFBC}") = "PowerApp.Android", "PowerApp\PowerApp.Android\PowerApp.Android.csproj", "{0DC4912C-76D1-4E89-887C-3D661F2EFB23}"
EndProject
Project("{FAE04EC0-301F-11D3-BF4B-00C04F79EFBC}") = "PowerApp", "PowerApp\PowerApp\PowerApp.csproj", "{54DCB156-5275-462E-B5A8-89C7B58251CB}"
EndProject
Project("{FAE04EC0-301F-11D3-BF4B-00C04F79EFBC}") = "PowerApp.UWP", "PowerApp\PowerApp.UWP\PowerApp.UWP.csproj", "{AB51E89F-AD3A-484E-AF52-2210079C2740}"
EndProject
Project("{FAE04EC0-301F-11D3-BF4B-00C04F79EFBC}") = "PowerApp.iOS", "PowerApp\PowerApp.iOS\PowerApp.iOS.csproj", "{369184FD-CBFE-41EF-8904-D0A1E0D7328E}"
EndProject
Global
	GlobalSection(SolutionConfigurationPlatforms) = preSolution
		Ad-Hoc|Any CPU = Ad-Hoc|Any CPU
		Ad-Hoc|ARM = Ad-Hoc|ARM
		Ad-Hoc|iPhone = Ad-Hoc|iPhone
		Ad-Hoc|iPhoneSimulator = Ad-Hoc|iPhoneSimulator
		Ad-Hoc|x64 = Ad-Hoc|x64
		Ad-Hoc|x86 = Ad-Hoc|x86
		AppStore|Any CPU = AppStore|Any CPU
		AppStore|ARM = AppStore|ARM
		AppStore|iPhone = AppStore|iPhone
		AppStore|iPhoneSimulator = AppStore|iPhoneSimulator
		AppStore|x64 = AppStore|x64
		AppStore|x86 = AppStore|x86
		Debug|Any CPU = Debug|Any CPU
		Debug|ARM = Debug|ARM
		Debug|iPhone = Debug|iPhone
		Debug|iPhoneSimulator = Debug|iPhoneSimulator
		Debug|x64 = Debug|x64
		Debug|x86 = Debug|x86
		Release|Any CPU = Release|Any CPU
		Release|ARM = Release|ARM
		Release|iPhone = Release|iPhone
		Release|iPhoneSimulator = Release|iPhoneSimulator
		Release|x64 = Release|x64
		Release|x86 = Release|x86
	EndGlobalSection
	GlobalSection(ProjectConfigurationPlatforms) = postSolution
		{0DC4912C-76D1-4E89-887C-3D661F2EFB23}.Ad-Hoc|Any CPU.ActiveCfg = Release|Any CPU
		{0DC4912C-76D1-4E89-887C-3D661F2EFB23}.Ad-Hoc|Any CPU.Build.0 = Release|Any CPU
		{0DC4912C-76D1-4E89-887C-3D661F2EFB23}.Ad-Hoc|Any CPU.Deploy.0 = Release|Any CPU
		{0DC4912C-76D1-4E89-887C-3D661F2EFB23}.Ad-Hoc|ARM.ActiveCfg = Release|Any CPU
		{0DC4912C-76D1-4E89-887C-3D661F2EFB23}.Ad-Hoc|ARM.Build.0 = Release|Any CPU
		{0DC4912C-76D1-4E89-887C-3D661F2EFB23}.Ad-Hoc|ARM.Deploy.0 = Release|Any CPU
		{0DC4912C-76D1-4E89-887C-3D661F2EFB23}.Ad-Hoc|iPhone.ActiveCfg = Release|Any CPU
		{0DC4912C-76D1-4E89-887C-3D661F2EFB23}.Ad-Hoc|iPhone.Build.0 = Release|Any CPU
		{0DC4912C-76D1-4E89-887C-3D661F2EFB23}.Ad-Hoc|iPhone.Deploy.0 = Release|Any CPU
		{0DC4912C-76D1-4E89-887C-3D661F2EFB23}.Ad-Hoc|iPhoneSimulator.ActiveCfg = Release|Any CPU
		{0DC4912C-76D1-4E89-887C-3D661F2EFB23}.Ad-Hoc|iPhoneSimulator.Build.0 = Release|Any CPU
		{0DC4912C-76D1-4E89-887C-3D661F2EFB23}.Ad-Hoc|iPhoneSimulator.Deploy.0 = Release|Any CPU
		{0DC4912C-76D1-4E89-887C-3D661F2EFB23}.Ad-Hoc|x64.ActiveCfg = Release|Any CPU
		{0DC4912C-76D1-4E89-887C-3D661F2EFB23}.Ad-Hoc|x64.Build.0 = Release|Any CPU
		{0DC4912C-76D1-4E89-887C-3D661F2EFB23}.Ad-Hoc|x64.Deploy.0 = Release|Any CPU
		{0DC4912C-76D1-4E89-887C-3D661F2EFB23}.Ad-Hoc|x86.ActiveCfg = Release|Any CPU
		{0DC4912C-76D1-4E89-887C-3D661F2EFB23}.Ad-Hoc|x86.Build.0 = Release|Any CPU
		{0DC4912C-76D1-4E89-887C-3D661F2EFB23}.Ad-Hoc|x86.Deploy.0 = Release|Any CPU
		{0DC4912C-76D1-4E89-887C-3D661F2EFB23}.AppStore|Any CPU.ActiveCfg = Release|Any CPU
		{0DC4912C-76D1-4E89-887C-3D661F2EFB23}.AppStore|Any CPU.Build.0 = Release|Any CPU
		{0DC4912C-76D1-4E89-887C-3D661F2EFB23}.AppStore|Any CPU.Deploy.0 = Release|Any CPU
		{0DC4912C-76D1-4E89-887C-3D661F2EFB23}.AppStore|ARM.ActiveCfg = Release|Any CPU
		{0DC4912C-76D1-4E89-887C-3D661F2EFB23}.AppStore|ARM.Build.0 = Release|Any CPU
		{0DC4912C-76D1-4E89-887C-3D661F2EFB23}.AppStore|ARM.Deploy.0 = Release|Any CPU
		{0DC4912C-76D1-4E89-887C-3D661F2EFB23}.AppStore|iPhone.ActiveCfg = Release|Any CPU
		{0DC4912C-76D1-4E89-887C-3D661F2EFB23}.AppStore|iPhone.Build.0 = Release|Any CPU
		{0DC4912C-76D1-4E89-887C-3D661F2EFB23}.AppStore|iPhone.Deploy.0 = Release|Any CPU
		{0DC4912C-76D1-4E89-887C-3D661F2EFB23}.AppStore|iPhoneSimulator.ActiveCfg = Release|Any CPU
		{0DC4912C-76D1-4E89-887C-3D661F2EFB23}.AppStore|iPhoneSimulator.Build.0 = Release|Any CPU
		{0DC4912C-76D1-4E89-887C-3D661F2EFB23}.AppStore|iPhoneSimulator.Deploy.0 = Release|Any CPU
		{0DC4912C-76D1-4E89-887C-3D661F2EFB23}.AppStore|x64.ActiveCfg = Release|Any CPU
		{0DC4912C-76D1-4E89-887C-3D661F2EFB23}.AppStore|x64.Build.0 = Release|Any CPU
		{0DC4912C-76D1-4E89-887C-3D661F2EFB23}.AppStore|x64.Deploy.0 = Release|Any CPU
		{0DC4912C-76D1-4E89-887C-3D661F2EFB23}.AppStore|x86.ActiveCfg = Release|Any CPU
		{0DC4912C-76D1-4E89-887C-3D661F2EFB23}.AppStore|x86.Build.0 = Release|Any CPU
		{0DC4912C-76D1-4E89-887C-3D661F2EFB23}.AppStore|x86.Deploy.0 = Release|Any CPU
		{0DC4912C-76D1-4E89-887C-3D661F2EFB23}.Debug|Any CPU.ActiveCfg = Debug|Any CPU
		{0DC4912C-76D1-4E89-887C-3D661F2EFB23}.Debug|Any CPU.Build.0 = Debug|Any CPU
		{0DC4912C-76D1-4E89-887C-3D661F2EFB23}.Debug|Any CPU.Deploy.0 = Debug|Any CPU
		{0DC4912C-76D1-4E89-887C-3D661F2EFB23}.Debug|ARM.ActiveCfg = Debug|Any CPU
		{0DC4912C-76D1-4E89-887C-3D661F2EFB23}.Debug|ARM.Build.0 = Debug|Any CPU
		{0DC4912C-76D1-4E89-887C-3D661F2EFB23}.Debug|ARM.Deploy.0 = Debug|Any CPU
		{0DC4912C-76D1-4E89-887C-3D661F2EFB23}.Debug|iPhone.ActiveCfg = Debug|Any CPU
		{0DC4912C-76D1-4E89-887C-3D661F2EFB23}.Debug|iPhone.Build.0 = Debug|Any CPU
		{0DC4912C-76D1-4E89-887C-3D661F2EFB23}.Debug|iPhone.Deploy.0 = Debug|Any CPU
		{0DC4912C-76D1-4E89-887C-3D661F2EFB23}.Debug|iPhoneSimulator.ActiveCfg = Debug|Any CPU
		{0DC4912C-76D1-4E89-887C-3D661F2EFB23}.Debug|iPhoneSimulator.Build.0 = Debug|Any CPU
		{0DC4912C-76D1-4E89-887C-3D661F2EFB23}.Debug|iPhoneSimulator.Deploy.0 = Debug|Any CPU
		{0DC4912C-76D1-4E89-887C-3D661F2EFB23}.Debug|x64.ActiveCfg = Debug|Any CPU
		{0DC4912C-76D1-4E89-887C-3D661F2EFB23}.Debug|x64.Build.0 = Debug|Any CPU
		{0DC4912C-76D1-4E89-887C-3D661F2EFB23}.Debug|x64.Deploy.0 = Debug|Any CPU
		{0DC4912C-76D1-4E89-887C-3D661F2EFB23}.Debug|x86.ActiveCfg = Debug|Any CPU
		{0DC4912C-76D1-4E89-887C-3D661F2EFB23}.Debug|x86.Build.0 = Debug|Any CPU
		{0DC4912C-76D1-4E89-887C-3D661F2EFB23}.Debug|x86.Deploy.0 = Debug|Any CPU
		{0DC4912C-76D1-4E89-887C-3D661F2EFB23}.Release|Any CPU.ActiveCfg = Release|Any CPU
		{0DC4912C-76D1-4E89-887C-3D661F2EFB23}.Release|Any CPU.Build.0 = Release|Any CPU
		{0DC4912C-76D1-4E89-887C-3D661F2EFB23}.Release|Any CPU.Deploy.0 = Release|Any CPU
		{0DC4912C-76D1-4E89-887C-3D661F2EFB23}.Release|ARM.ActiveCfg = Release|Any CPU
		{0DC4912C-76D1-4E89-887C-3D661F2EFB23}.Release|ARM.Build.0 = Release|Any CPU
		{0DC4912C-76D1-4E89-887C-3D661F2EFB23}.Release|ARM.Deploy.0 = Release|Any CPU
		{0DC4912C-76D1-4E89-887C-3D661F2EFB23}.Release|iPhone.ActiveCfg = Release|Any CPU
		{0DC4912C-76D1-4E89-887C-3D661F2EFB23}.Release|iPhone.Build.0 = Release|Any CPU
		{0DC4912C-76D1-4E89-887C-3D661F2EFB23}.Release|iPhone.Deploy.0 = Release|Any CPU
		{0DC4912C-76D1-4E89-887C-3D661F2EFB23}.Release|iPhoneSimulator.ActiveCfg = Release|Any CPU
		{0DC4912C-76D1-4E89-887C-3D661F2EFB23}.Release|iPhoneSimulator.Build.0 = Release|Any CPU
		{0DC4912C-76D1-4E89-887C-3D661F2EFB23}.Release|iPhoneSimulator.Deploy.0 = Release|Any CPU
		{0DC4912C-76D1-4E89-887C-3D661F2EFB23}.Release|x64.ActiveCfg = Release|Any CPU
		{0DC4912C-76D1-4E89-887C-3D661F2EFB23}.Release|x64.Build.0 = Release|Any CPU
		{0DC4912C-76D1-4E89-887C-3D661F2EFB23}.Release|x64.Deploy.0 = Release|Any CPU
		{0DC4912C-76D1-4E89-887C-3D661F2EFB23}.Release|x86.ActiveCfg = Release|Any CPU
		{0DC4912C-76D1-4E89-887C-3D661F2EFB23}.Release|x86.Build.0 = Release|Any CPU
		{0DC4912C-76D1-4E89-887C-3D661F2EFB23}.Release|x86.Deploy.0 = Release|Any CPU
		{54DCB156-5275-462E-B5A8-89C7B58251CB}.Ad-Hoc|Any CPU.ActiveCfg = Release|Any CPU
		{54DCB156-5275-462E-B5A8-89C7B58251CB}.Ad-Hoc|Any CPU.Build.0 = Release|Any CPU
		{54DCB156-5275-462E-B5A8-89C7B58251CB}.Ad-Hoc|ARM.ActiveCfg = Release|Any CPU
		{54DCB156-5275-462E-B5A8-89C7B58251CB}.Ad-Hoc|ARM.Build.0 = Release|Any CPU
		{54DCB156-5275-462E-B5A8-89C7B58251CB}.Ad-Hoc|iPhone.ActiveCfg = Release|Any CPU
		{54DCB156-5275-462E-B5A8-89C7B58251CB}.Ad-Hoc|iPhone.Build.0 = Release|Any CPU
		{54DCB156-5275-462E-B5A8-89C7B58251CB}.Ad-Hoc|iPhoneSimulator.ActiveCfg = Release|Any CPU
		{54DCB156-5275-462E-B5A8-89C7B58251CB}.Ad-Hoc|iPhoneSimulator.Build.0 = Release|Any CPU
		{54DCB156-5275-462E-B5A8-89C7B58251CB}.Ad-Hoc|x64.ActiveCfg = Release|Any CPU
		{54DCB156-5275-462E-B5A8-89C7B58251CB}.Ad-Hoc|x64.Build.0 = Release|Any CPU
		{54DCB156-5275-462E-B5A8-89C7B58251CB}.Ad-Hoc|x86.ActiveCfg = Release|Any CPU
		{54DCB156-5275-462E-B5A8-89C7B58251CB}.Ad-Hoc|x86.Build.0 = Release|Any CPU
		{54DCB156-5275-462E-B5A8-89C7B58251CB}.AppStore|Any CPU.ActiveCfg = Release|Any CPU
		{54DCB156-5275-462E-B5A8-89C7B58251CB}.AppStore|Any CPU.Build.0 = Release|Any CPU
		{54DCB156-5275-462E-B5A8-89C7B58251CB}.AppStore|ARM.ActiveCfg = Release|Any CPU
		{54DCB156-5275-462E-B5A8-89C7B58251CB}.AppStore|ARM.Build.0 = Release|Any CPU
		{54DCB156-5275-462E-B5A8-89C7B58251CB}.AppStore|iPhone.ActiveCfg = Release|Any CPU
		{54DCB156-5275-462E-B5A8-89C7B58251CB}.AppStore|iPhone.Build.0 = Release|Any CPU
		{54DCB156-5275-462E-B5A8-89C7B58251CB}.AppStore|iPhoneSimulator.ActiveCfg = Release|Any CPU
		{54DCB156-5275-462E-B5A8-89C7B58251CB}.AppStore|iPhoneSimulator.Build.0 = Release|Any CPU
		{54DCB156-5275-462E-B5A8-89C7B58251CB}.AppStore|x64.ActiveCfg = Release|Any CPU
		{54DCB156-5275-462E-B5A8-89C7B58251CB}.AppStore|x64.Build.0 = Release|Any CPU
		{54DCB156-5275-462E-B5A8-89C7B58251CB}.AppStore|x86.ActiveCfg = Release|Any CPU
		{54DCB156-5275-462E-B5A8-89C7B58251CB}.AppStore|x86.Build.0 = Release|Any CPU
		{54DCB156-5275-462E-B5A8-89C7B58251CB}.Debug|Any CPU.ActiveCfg = Debug|Any CPU
		{54DCB156-5275-462E-B5A8-89C7B58251CB}.Debug|Any CPU.Build.0 = Debug|Any CPU
		{54DCB156-5275-462E-B5A8-89C7B58251CB}.Debug|ARM.ActiveCfg = Debug|Any CPU
		{54DCB156-5275-462E-B5A8-89C7B58251CB}.Debug|ARM.Build.0 = Debug|Any CPU
		{54DCB156-5275-462E-B5A8-89C7B58251CB}.Debug|iPhone.ActiveCfg = Debug|Any CPU
		{54DCB156-5275-462E-B5A8-89C7B58251CB}.Debug|iPhone.Build.0 = Debug|Any CPU
		{54DCB156-5275-462E-B5A8-89C7B58251CB}.Debug|iPhoneSimulator.ActiveCfg = Debug|Any CPU
		{54DCB156-5275-462E-B5A8-89C7B58251CB}.Debug|iPhoneSimulator.Build.0 = Debug|Any CPU
		{54DCB156-5275-462E-B5A8-89C7B58251CB}.Debug|x64.ActiveCfg = Debug|Any CPU
		{54DCB156-5275-462E-B5A8-89C7B58251CB}.Debug|x64.Build.0 = Debug|Any CPU
		{54DCB156-5275-462E-B5A8-89C7B58251CB}.Debug|x86.ActiveCfg = Debug|Any CPU
		{54DCB156-5275-462E-B5A8-89C7B58251CB}.Debug|x86.Build.0 = Debug|Any CPU
		{54DCB156-5275-462E-B5A8-89C7B58251CB}.Release|Any CPU.ActiveCfg = Release|Any CPU
		{54DCB156-5275-462E-B5A8-89C7B58251CB}.Release|Any CPU.Build.0 = Release|Any CPU
		{54DCB156-5275-462E-B5A8-89C7B58251CB}.Release|ARM.ActiveCfg = Release|Any CPU
		{54DCB156-5275-462E-B5A8-89C7B58251CB}.Release|ARM.Build.0 = Release|Any CPU
		{54DCB156-5275-462E-B5A8-89C7B58251CB}.Release|iPhone.ActiveCfg = Release|Any CPU
		{54DCB156-5275-462E-B5A8-89C7B58251CB}.Release|iPhone.Build.0 = Release|Any CPU
		{54DCB156-5275-462E-B5A8-89C7B58251CB}.Release|iPhoneSimulator.ActiveCfg = Release|Any CPU
		{54DCB156-5275-462E-B5A8-89C7B58251CB}.Release|iPhoneSimulator.Build.0 = Release|Any CPU
		{54DCB156-5275-462E-B5A8-89C7B58251CB}.Release|x64.ActiveCfg = Release|Any CPU
		{54DCB156-5275-462E-B5A8-89C7B58251CB}.Release|x64.Build.0 = Release|Any CPU
		{54DCB156-5275-462E-B5A8-89C7B58251CB}.Release|x86.ActiveCfg = Release|Any CPU
		{54DCB156-5275-462E-B5A8-89C7B58251CB}.Release|x86.Build.0 = Release|Any CPU
		{AB51E89F-AD3A-484E-AF52-2210079C2740}.Ad-Hoc|Any CPU.ActiveCfg = Release|x86
		{AB51E89F-AD3A-484E-AF52-2210079C2740}.Ad-Hoc|Any CPU.Build.0 = Release|x86
		{AB51E89F-AD3A-484E-AF52-2210079C2740}.Ad-Hoc|Any CPU.Deploy.0 = Release|x86
		{AB51E89F-AD3A-484E-AF52-2210079C2740}.Ad-Hoc|ARM.ActiveCfg = Release|ARM
		{AB51E89F-AD3A-484E-AF52-2210079C2740}.Ad-Hoc|ARM.Build.0 = Release|ARM
		{AB51E89F-AD3A-484E-AF52-2210079C2740}.Ad-Hoc|ARM.Deploy.0 = Release|ARM
		{AB51E89F-AD3A-484E-AF52-2210079C2740}.Ad-Hoc|iPhone.ActiveCfg = Release|x86
		{AB51E89F-AD3A-484E-AF52-2210079C2740}.Ad-Hoc|iPhone.Build.0 = Release|x86
		{AB51E89F-AD3A-484E-AF52-2210079C2740}.Ad-Hoc|iPhone.Deploy.0 = Release|x86
		{AB51E89F-AD3A-484E-AF52-2210079C2740}.Ad-Hoc|iPhoneSimulator.ActiveCfg = Release|x86
		{AB51E89F-AD3A-484E-AF52-2210079C2740}.Ad-Hoc|iPhoneSimulator.Build.0 = Release|x86
		{AB51E89F-AD3A-484E-AF52-2210079C2740}.Ad-Hoc|iPhoneSimulator.Deploy.0 = Release|x86
		{AB51E89F-AD3A-484E-AF52-2210079C2740}.Ad-Hoc|x64.ActiveCfg = Release|x64
		{AB51E89F-AD3A-484E-AF52-2210079C2740}.Ad-Hoc|x64.Build.0 = Release|x64
		{AB51E89F-AD3A-484E-AF52-2210079C2740}.Ad-Hoc|x64.Deploy.0 = Release|x64
		{AB51E89F-AD3A-484E-AF52-2210079C2740}.Ad-Hoc|x86.ActiveCfg = Release|x86
		{AB51E89F-AD3A-484E-AF52-2210079C2740}.Ad-Hoc|x86.Build.0 = Release|x86
		{AB51E89F-AD3A-484E-AF52-2210079C2740}.Ad-Hoc|x86.Deploy.0 = Release|x86
		{AB51E89F-AD3A-484E-AF52-2210079C2740}.AppStore|Any CPU.ActiveCfg = Release|x86
		{AB51E89F-AD3A-484E-AF52-2210079C2740}.AppStore|Any CPU.Build.0 = Release|x86
		{AB51E89F-AD3A-484E-AF52-2210079C2740}.AppStore|Any CPU.Deploy.0 = Release|x86
		{AB51E89F-AD3A-484E-AF52-2210079C2740}.AppStore|ARM.ActiveCfg = Release|ARM
		{AB51E89F-AD3A-484E-AF52-2210079C2740}.AppStore|ARM.Build.0 = Release|ARM
		{AB51E89F-AD3A-484E-AF52-2210079C2740}.AppStore|ARM.Deploy.0 = Release|ARM
		{AB51E89F-AD3A-484E-AF52-2210079C2740}.AppStore|iPhone.ActiveCfg = Release|x86
		{AB51E89F-AD3A-484E-AF52-2210079C2740}.AppStore|iPhone.Build.0 = Release|x86
		{AB51E89F-AD3A-484E-AF52-2210079C2740}.AppStore|iPhone.Deploy.0 = Release|x86
		{AB51E89F-AD3A-484E-AF52-2210079C2740}.AppStore|iPhoneSimulator.ActiveCfg = Release|x86
		{AB51E89F-AD3A-484E-AF52-2210079C2740}.AppStore|iPhoneSimulator.Build.0 = Release|x86
		{AB51E89F-AD3A-484E-AF52-2210079C2740}.AppStore|iPhoneSimulator.Deploy.0 = Release|x86
		{AB51E89F-AD3A-484E-AF52-2210079C2740}.AppStore|x64.ActiveCfg = Release|x64
		{AB51E89F-AD3A-484E-AF52-2210079C2740}.AppStore|x64.Build.0 = Release|x64
		{AB51E89F-AD3A-484E-AF52-2210079C2740}.AppStore|x64.Deploy.0 = Release|x64
		{AB51E89F-AD3A-484E-AF52-2210079C2740}.AppStore|x86.ActiveCfg = Release|x86
		{AB51E89F-AD3A-484E-AF52-2210079C2740}.AppStore|x86.Build.0 = Release|x86
		{AB51E89F-AD3A-484E-AF52-2210079C2740}.AppStore|x86.Deploy.0 = Release|x86
		{AB51E89F-AD3A-484E-AF52-2210079C2740}.Debug|Any CPU.ActiveCfg = Debug|x86
		{AB51E89F-AD3A-484E-AF52-2210079C2740}.Debug|ARM.ActiveCfg = Debug|ARM
		{AB51E89F-AD3A-484E-AF52-2210079C2740}.Debug|ARM.Build.0 = Debug|ARM
		{AB51E89F-AD3A-484E-AF52-2210079C2740}.Debug|ARM.Deploy.0 = Debug|ARM
		{AB51E89F-AD3A-484E-AF52-2210079C2740}.Debug|iPhone.ActiveCfg = Debug|x86
		{AB51E89F-AD3A-484E-AF52-2210079C2740}.Debug|iPhoneSimulator.ActiveCfg = Debug|x86
		{AB51E89F-AD3A-484E-AF52-2210079C2740}.Debug|x64.ActiveCfg = Debug|x64
		{AB51E89F-AD3A-484E-AF52-2210079C2740}.Debug|x64.Build.0 = Debug|x64
		{AB51E89F-AD3A-484E-AF52-2210079C2740}.Debug|x64.Deploy.0 = Debug|x64
		{AB51E89F-AD3A-484E-AF52-2210079C2740}.Debug|x86.ActiveCfg = Debug|x86
		{AB51E89F-AD3A-484E-AF52-2210079C2740}.Debug|x86.Build.0 = Debug|x86
		{AB51E89F-AD3A-484E-AF52-2210079C2740}.Debug|x86.Deploy.0 = Debug|x86
		{AB51E89F-AD3A-484E-AF52-2210079C2740}.Release|Any CPU.ActiveCfg = Release|x86
		{AB51E89F-AD3A-484E-AF52-2210079C2740}.Release|ARM.ActiveCfg = Release|ARM
		{AB51E89F-AD3A-484E-AF52-2210079C2740}.Release|ARM.Build.0 = Release|ARM
		{AB51E89F-AD3A-484E-AF52-2210079C2740}.Release|ARM.Deploy.0 = Release|ARM
		{AB51E89F-AD3A-484E-AF52-2210079C2740}.Release|iPhone.ActiveCfg = Release|x86
		{AB51E89F-AD3A-484E-AF52-2210079C2740}.Release|iPhoneSimulator.ActiveCfg = Release|x86
		{AB51E89F-AD3A-484E-AF52-2210079C2740}.Release|x64.ActiveCfg = Release|x64
		{AB51E89F-AD3A-484E-AF52-2210079C2740}.Release|x64.Build.0 = Release|x64
		{AB51E89F-AD3A-484E-AF52-2210079C2740}.Release|x64.Deploy.0 = Release|x64
		{AB51E89F-AD3A-484E-AF52-2210079C2740}.Release|x86.ActiveCfg = Release|x86
		{AB51E89F-AD3A-484E-AF52-2210079C2740}.Release|x86.Build.0 = Release|x86
		{AB51E89F-AD3A-484E-AF52-2210079C2740}.Release|x86.Deploy.0 = Release|x86
		{369184FD-CBFE-41EF-8904-D0A1E0D7328E}.Ad-Hoc|Any CPU.ActiveCfg = Ad-Hoc|iPhone
		{369184FD-CBFE-41EF-8904-D0A1E0D7328E}.Ad-Hoc|ARM.ActiveCfg = Ad-Hoc|iPhone
		{369184FD-CBFE-41EF-8904-D0A1E0D7328E}.Ad-Hoc|iPhone.ActiveCfg = Ad-Hoc|iPhone
		{369184FD-CBFE-41EF-8904-D0A1E0D7328E}.Ad-Hoc|iPhone.Build.0 = Ad-Hoc|iPhone
		{369184FD-CBFE-41EF-8904-D0A1E0D7328E}.Ad-Hoc|iPhoneSimulator.ActiveCfg = Ad-Hoc|iPhoneSimulator
		{369184FD-CBFE-41EF-8904-D0A1E0D7328E}.Ad-Hoc|iPhoneSimulator.Build.0 = Ad-Hoc|iPhoneSimulator
		{369184FD-CBFE-41EF-8904-D0A1E0D7328E}.Ad-Hoc|x64.ActiveCfg = Ad-Hoc|iPhone
		{369184FD-CBFE-41EF-8904-D0A1E0D7328E}.Ad-Hoc|x86.ActiveCfg = Ad-Hoc|iPhone
		{369184FD-CBFE-41EF-8904-D0A1E0D7328E}.AppStore|Any CPU.ActiveCfg = AppStore|iPhone
		{369184FD-CBFE-41EF-8904-D0A1E0D7328E}.AppStore|ARM.ActiveCfg = AppStore|iPhone
		{369184FD-CBFE-41EF-8904-D0A1E0D7328E}.AppStore|iPhone.ActiveCfg = AppStore|iPhone
		{369184FD-CBFE-41EF-8904-D0A1E0D7328E}.AppStore|iPhone.Build.0 = AppStore|iPhone
		{369184FD-CBFE-41EF-8904-D0A1E0D7328E}.AppStore|iPhoneSimulator.ActiveCfg = AppStore|iPhoneSimulator
		{369184FD-CBFE-41EF-8904-D0A1E0D7328E}.AppStore|iPhoneSimulator.Build.0 = AppStore|iPhoneSimulator
		{369184FD-CBFE-41EF-8904-D0A1E0D7328E}.AppStore|x64.ActiveCfg = AppStore|iPhone
		{369184FD-CBFE-41EF-8904-D0A1E0D7328E}.AppStore|x86.ActiveCfg = AppStore|iPhone
		{369184FD-CBFE-41EF-8904-D0A1E0D7328E}.Debug|Any CPU.ActiveCfg = Debug|iPhone
		{369184FD-CBFE-41EF-8904-D0A1E0D7328E}.Debug|ARM.ActiveCfg = Debug|iPhone
		{369184FD-CBFE-41EF-8904-D0A1E0D7328E}.Debug|iPhone.ActiveCfg = Debug|iPhone
		{369184FD-CBFE-41EF-8904-D0A1E0D7328E}.Debug|iPhone.Build.0 = Debug|iPhone
		{369184FD-CBFE-41EF-8904-D0A1E0D7328E}.Debug|iPhoneSimulator.ActiveCfg = Debug|iPhoneSimulator
		{369184FD-CBFE-41EF-8904-D0A1E0D7328E}.Debug|iPhoneSimulator.Build.0 = Debug|iPhoneSimulator
		{369184FD-CBFE-41EF-8904-D0A1E0D7328E}.Debug|x64.ActiveCfg = Debug|iPhone
		{369184FD-CBFE-41EF-8904-D0A1E0D7328E}.Debug|x86.ActiveCfg = Debug|iPhone
		{369184FD-CBFE-41EF-8904-D0A1E0D7328E}.Release|Any CPU.ActiveCfg = Release|iPhone
		{369184FD-CBFE-41EF-8904-D0A1E0D7328E}.Release|ARM.ActiveCfg = Release|iPhone
		{369184FD-CBFE-41EF-8904-D0A1E0D7328E}.Release|iPhone.ActiveCfg = Release|iPhone
		{369184FD-CBFE-41EF-8904-D0A1E0D7328E}.Release|iPhone.Build.0 = Release|iPhone
		{369184FD-CBFE-41EF-8904-D0A1E0D7328E}.Release|iPhoneSimulator.ActiveCfg = Release|iPhoneSimulator
		{369184FD-CBFE-41EF-8904-D0A1E0D7328E}.Release|iPhoneSimulator.Build.0 = Release|iPhoneSimulator
		{369184FD-CBFE-41EF-8904-D0A1E0D7328E}.Release|x64.ActiveCfg = Release|iPhone
		{369184FD-CBFE-41EF-8904-D0A1E0D7328E}.Release|x86.ActiveCfg = Release|iPhone
	EndGlobalSection
	GlobalSection(SolutionProperties) = preSolution
		HideSolutionNode = FALSE
	EndGlobalSection
EndGlobal
